
Microsoft Visual Studio Solution File, Format Version 12.00
# Visual Studio 15
VisualStudioVersion = 15.0.28307.902
MinimumVisualStudioVersion = 10.0.40219.1
Project("{FAE04EC0-301F-11D3-BF4B-00C04F79EFBC}") = "SpeedrunComSharp", "SpeedrunComSharp\SpeedrunComSharp.csproj", "{7884C2F6-BE98-4C02-81F9-A43D44580763}"
EndProject
Global
	GlobalSection(SolutionConfigurationPlatforms) = preSolution
		Debug|Any CPU = Debug|Any CPU
		Release|Any CPU = Release|Any CPU
	EndGlobalSection
	GlobalSection(ProjectConfigurationPlatforms) = postSolution
		{7884C2F6-BE98-4C02-81F9-A43D44580763}.Debug|Any CPU.ActiveCfg = Debug|Any CPU
		{7884C2F6-BE98-4C02-81F9-A43D44580763}.Debug|Any CPU.Build.0 = Debug|Any CPU
		{7884C2F6-BE98-4C02-81F9-A43D44580763}.Release|Any CPU.ActiveCfg = Release|Any CPU
		{7884C2F6-BE98-4C02-81F9-A43D44580763}.Release|Any CPU.Build.0 = Release|Any CPU
	EndGlobalSection
	GlobalSection(SolutionProperties) = preSolution
		HideSolutionNode = FALSE
	EndGlobalSection
	GlobalSection(ExtensibilityGlobals) = postSolution
		SolutionGuid = {E07A2651-2194-43A7-B663-8227FB427D9C}
	EndGlobalSection
EndGlobal
